// !$*UTF8*$!
{
	archiveVersion = 1;
	classes = {
	};
	objectVersion = 50;
	objects = {

/* Begin PBXBuildFile section */
		9720198624289EBF00953D02 /* TabBarViewController.swift in Sources */ = {isa = PBXBuildFile; fileRef = 9720198524289EBF00953D02 /* TabBarViewController.swift */; };
		97C0FCDC2420C37400210E4C /* AppDelegate.swift in Sources */ = {isa = PBXBuildFile; fileRef = 97C0FCDB2420C37400210E4C /* AppDelegate.swift */; };
		97C0FCDE2420C37400210E4C /* SceneDelegate.swift in Sources */ = {isa = PBXBuildFile; fileRef = 97C0FCDD2420C37400210E4C /* SceneDelegate.swift */; };
		97C0FCE32420C37400210E4C /* Main.storyboard in Resources */ = {isa = PBXBuildFile; fileRef = 97C0FCE12420C37400210E4C /* Main.storyboard */; };
		97C0FCE52420C37500210E4C /* Assets.xcassets in Resources */ = {isa = PBXBuildFile; fileRef = 97C0FCE42420C37500210E4C /* Assets.xcassets */; };
		97C0FCE82420C37500210E4C /* LaunchScreen.storyboard in Resources */ = {isa = PBXBuildFile; fileRef = 97C0FCE62420C37500210E4C /* LaunchScreen.storyboard */; };
		97C0FCF02420CCD900210E4C /* Person.swift in Sources */ = {isa = PBXBuildFile; fileRef = 97C0FCEF2420CCD900210E4C /* Person.swift */; };
		97C0FCF22420D03F00210E4C /* DataManager.swift in Sources */ = {isa = PBXBuildFile; fileRef = 97C0FCF12420D03F00210E4C /* DataManager.swift */; };
		97C0FCF42420D81D00210E4C /* MainTableViewController.swift in Sources */ = {isa = PBXBuildFile; fileRef = 97C0FCF32420D81D00210E4C /* MainTableViewController.swift */; };
		97C0FCF62420D89700210E4C /* DetailViewController.swift in Sources */ = {isa = PBXBuildFile; fileRef = 97C0FCF52420D89700210E4C /* DetailViewController.swift */; };
		97C0FCF82420D8D000210E4C /* SectionTableViewController.swift in Sources */ = {isa = PBXBuildFile; fileRef = 97C0FCF72420D8D000210E4C /* SectionTableViewController.swift */; };
/* End PBXBuildFile section */

/* Begin PBXFileReference section */
		9720198524289EBF00953D02 /* TabBarViewController.swift */ = {isa = PBXFileReference; lastKnownFileType = sourcecode.swift; path = TabBarViewController.swift; sourceTree = "<group>"; };
		97C0FCD82420C37400210E4C /* ContactList.app */ = {isa = PBXFileReference; explicitFileType = wrapper.application; includeInIndex = 0; path = ContactList.app; sourceTree = BUILT_PRODUCTS_DIR; };
		97C0FCDB2420C37400210E4C /* AppDelegate.swift */ = {isa = PBXFileReference; lastKnownFileType = sourcecode.swift; path = AppDelegate.swift; sourceTree = "<group>"; };
		97C0FCDD2420C37400210E4C /* SceneDelegate.swift */ = {isa = PBXFileReference; lastKnownFileType = sourcecode.swift; path = SceneDelegate.swift; sourceTree = "<group>"; };
		97C0FCE22420C37400210E4C /* Base */ = {isa = PBXFileReference; lastKnownFileType = file.storyboard; name = Base; path = Base.lproj/Main.storyboard; sourceTree = "<group>"; };
		97C0FCE42420C37500210E4C /* Assets.xcassets */ = {isa = PBXFileReference; lastKnownFileType = folder.assetcatalog; path = Assets.xcassets; sourceTree = "<group>"; };
		97C0FCE72420C37500210E4C /* Base */ = {isa = PBXFileReference; lastKnownFileType = file.storyboard; name = Base; path = Base.lproj/LaunchScreen.storyboard; sourceTree = "<group>"; };
		97C0FCE92420C37500210E4C /* Info.plist */ = {isa = PBXFileReference; lastKnownFileType = text.plist.xml; path = Info.plist; sourceTree = "<group>"; };
		97C0FCEF2420CCD900210E4C /* Person.swift */ = {isa = PBXFileReference; lastKnownFileType = sourcecode.swift; path = Person.swift; sourceTree = "<group>"; };
		97C0FCF12420D03F00210E4C /* DataManager.swift */ = {isa = PBXFileReference; lastKnownFileType = sourcecode.swift; path = DataManager.swift; sourceTree = "<group>"; };
		97C0FCF32420D81D00210E4C /* MainTableViewController.swift */ = {isa = PBXFileReference; lastKnownFileType = sourcecode.swift; path = MainTableViewController.swift; sourceTree = "<group>"; };
		97C0FCF52420D89700210E4C /* DetailViewController.swift */ = {isa = PBXFileReference; lastKnownFileType = sourcecode.swift; path = DetailViewController.swift; sourceTree = "<group>"; };
		97C0FCF72420D8D000210E4C /* SectionTableViewController.swift */ = {isa = PBXFileReference; lastKnownFileType = sourcecode.swift; path = SectionTableViewController.swift; sourceTree = "<group>"; };
/* End PBXFileReference section */

/* Begin PBXFrameworksBuildPhase section */
		97C0FCD52420C37400210E4C /* Frameworks */ = {
			isa = PBXFrameworksBuildPhase;
			buildActionMask = 2147483647;
			files = (
			);
			runOnlyForDeploymentPostprocessing = 0;
		};
/* End PBXFrameworksBuildPhase section */

/* Begin PBXGroup section */
		97C0FCCF2420C37400210E4C = {
			isa = PBXGroup;
			children = (
				97C0FCDA2420C37400210E4C /* ContactList */,
				97C0FCD92420C37400210E4C /* Products */,
			);
			sourceTree = "<group>";
		};
		97C0FCD92420C37400210E4C /* Products */ = {
			isa = PBXGroup;
			children = (
				97C0FCD82420C37400210E4C /* ContactList.app */,
			);
			name = Products;
			sourceTree = "<group>";
		};
		97C0FCDA2420C37400210E4C /* ContactList */ = {
			isa = PBXGroup;
			children = (
				97C0FCFB2421354800210E4C /* Supporting Files */,
				97C0FCFA2421352900210E4C /* StoryBoards */,
				97C0FCFD2421359900210E4C /* Source */,
				97C0FCFC2421357B00210E4C /* Model and Data */,
				97C0FCF9242134C900210E4C /* ViewControllers */,
			);
			path = ContactList;
			sourceTree = "<group>";
		};
		97C0FCF9242134C900210E4C /* ViewControllers */ = {
			isa = PBXGroup;
			children = (
				9720198524289EBF00953D02 /* TabBarViewController.swift */,
				97C0FCF32420D81D00210E4C /* MainTableViewController.swift */,
				97C0FCF52420D89700210E4C /* DetailViewController.swift */,
				97C0FCF72420D8D000210E4C /* SectionTableViewController.swift */,
			);
			path = ViewControllers;
			sourceTree = "<group>";
		};
		97C0FCFA2421352900210E4C /* StoryBoards */ = {
			isa = PBXGroup;
			children = (
				97C0FCE12420C37400210E4C /* Main.storyboard */,
				97C0FCE62420C37500210E4C /* LaunchScreen.storyboard */,
			);
			path = StoryBoards;
			sourceTree = "<group>";
		};
		97C0FCFB2421354800210E4C /* Supporting Files */ = {
			isa = PBXGroup;
			children = (
				97C0FCDB2420C37400210E4C /* AppDelegate.swift */,
				97C0FCDD2420C37400210E4C /* SceneDelegate.swift */,
				97C0FCE92420C37500210E4C /* Info.plist */,
			);
			path = "Supporting Files";
			sourceTree = "<group>";
		};
		97C0FCFC2421357B00210E4C /* Model and Data */ = {
			isa = PBXGroup;
			children = (
				97C0FCEF2420CCD900210E4C /* Person.swift */,
				97C0FCF12420D03F00210E4C /* DataManager.swift */,
			);
			path = "Model and Data";
			sourceTree = "<group>";
		};
		97C0FCFD2421359900210E4C /* Source */ = {
			isa = PBXGroup;
			children = (
				97C0FCE42420C37500210E4C /* Assets.xcassets */,
			);
			path = Source;
			sourceTree = "<group>";
		};
/* End PBXGroup section */

/* Begin PBXNativeTarget section */
		97C0FCD72420C37400210E4C /* ContactList */ = {
			isa = PBXNativeTarget;
			buildConfigurationList = 97C0FCEC2420C37500210E4C /* Build configuration list for PBXNativeTarget "ContactList" */;
			buildPhases = (
				97C0FCD42420C37400210E4C /* Sources */,
				97C0FCD52420C37400210E4C /* Frameworks */,
				97C0FCD62420C37400210E4C /* Resources */,
			);
			buildRules = (
			);
			dependencies = (
			);
			name = ContactList;
			productName = ContactList;
			productReference = 97C0FCD82420C37400210E4C /* ContactList.app */;
			productType = "com.apple.product-type.application";
		};
/* End PBXNativeTarget section */

/* Begin PBXProject section */
		97C0FCD02420C37400210E4C /* Project object */ = {
			isa = PBXProject;
			attributes = {
				LastSwiftUpdateCheck = 1130;
				LastUpgradeCheck = 1130;
				ORGANIZATIONNAME = "Mikhail Malyshev";
				TargetAttributes = {
					97C0FCD72420C37400210E4C = {
						CreatedOnToolsVersion = 11.3.1;
					};
				};
			};
			buildConfigurationList = 97C0FCD32420C37400210E4C /* Build configuration list for PBXProject "ContactList" */;
			compatibilityVersion = "Xcode 9.3";
			developmentRegion = en;
			hasScannedForEncodings = 0;
			knownRegions = (
				en,
				Base,
			);
			mainGroup = 97C0FCCF2420C37400210E4C;
			productRefGroup = 97C0FCD92420C37400210E4C /* Products */;
			projectDirPath = "";
			projectRoot = "";
			targets = (
				97C0FCD72420C37400210E4C /* ContactList */,
			);
		};
/* End PBXProject section */

/* Begin PBXResourcesBuildPhase section */
		97C0FCD62420C37400210E4C /* Resources */ = {
			isa = PBXResourcesBuildPhase;
			buildActionMask = 2147483647;
			files = (
				97C0FCE82420C37500210E4C /* LaunchScreen.storyboard in Resources */,
				97C0FCE52420C37500210E4C /* Assets.xcassets in Resources */,
				97C0FCE32420C37400210E4C /* Main.storyboard in Resources */,
			);
			runOnlyForDeploymentPostprocessing = 0;
		};
/* End PBXResourcesBuildPhase section */

/* Begin PBXSourcesBuildPhase section */
		97C0FCD42420C37400210E4C /* Sources */ = {
			isa = PBXSourcesBuildPhase;
			buildActionMask = 2147483647;
			files = (
				9720198624289EBF00953D02 /* TabBarViewController.swift in Sources */,
				97C0FCF22420D03F00210E4C /* DataManager.swift in Sources */,
				97C0FCDC2420C37400210E4C /* AppDelegate.swift in Sources */,
				97C0FCF02420CCD900210E4C /* Person.swift in Sources */,
				97C0FCF62420D89700210E4C /* DetailViewController.swift in Sources */,
				97C0FCF82420D8D000210E4C /* SectionTableViewController.swift in Sources */,
				97C0FCF42420D81D00210E4C /* MainTableViewController.swift in Sources */,
				97C0FCDE2420C37400210E4C /* SceneDelegate.swift in Sources */,
			);
			runOnlyForDeploymentPostprocessing = 0;
		};
/* End PBXSourcesBuildPhase section */

/* Begin PBXVariantGroup section */
		97C0FCE12420C37400210E4C /* Main.storyboard */ = {
			isa = PBXVariantGroup;
			children = (
				97C0FCE22420C37400210E4C /* Base */,
			);
			name = Main.storyboard;
			sourceTree = "<group>";
		};
		97C0FCE62420C37500210E4C /* LaunchScreen.storyboard */ = {
			isa = PBXVariantGroup;
			children = (
				97C0FCE72420C37500210E4C /* Base */,
			);
			name = LaunchScreen.storyboard;
			sourceTree = "<group>";
		};
/* End PBXVariantGroup section */

/* Begin XCBuildConfiguration section */
		97C0FCEA2420C37500210E4C /* Debug */ = {
			isa = XCBuildConfiguration;
			buildSettings = {
				ALWAYS_SEARCH_USER_PATHS = NO;
				CLANG_ANALYZER_NONNULL = YES;
				CLANG_ANALYZER_NUMBER_OBJECT_CONVERSION = YES_AGGRESSIVE;
				CLANG_CXX_LANGUAGE_STANDARD = "gnu++14";
				CLANG_CXX_LIBRARY = "libc++";
				CLANG_ENABLE_MODULES = YES;
				CLANG_ENABLE_OBJC_ARC = YES;
				CLANG_ENABLE_OBJC_WEAK = YES;
				CLANG_WARN_BLOCK_CAPTURE_AUTORELEASING = YES;
				CLANG_WARN_BOOL_CONVERSION = YES;
				CLANG_WARN_COMMA = YES;
				CLANG_WARN_CONSTANT_CONVERSION = YES;
				CLANG_WARN_DEPRECATED_OBJC_IMPLEMENTATIONS = YES;
				CLANG_WARN_DIRECT_OBJC_ISA_USAGE = YES_ERROR;
				CLANG_WARN_DOCUMENTATION_COMMENTS = YES;
				CLANG_WARN_EMPTY_BODY = YES;
				CLANG_WARN_ENUM_CONVERSION = YES;
				CLANG_WARN_INFINITE_RECURSION = YES;
				CLANG_WARN_INT_CONVERSION = YES;
				CLANG_WARN_NON_LITERAL_NULL_CONVERSION = YES;
				CLANG_WARN_OBJC_IMPLICIT_RETAIN_SELF = YES;
				CLANG_WARN_OBJC_LITERAL_CONVERSION = YES;
				CLANG_WARN_OBJC_ROOT_CLASS = YES_ERROR;
				CLANG_WARN_RANGE_LOOP_ANALYSIS = YES;
				CLANG_WARN_STRICT_PROTOTYPES = YES;
				CLANG_WARN_SUSPICIOUS_MOVE = YES;
				CLANG_WARN_UNGUARDED_AVAILABILITY = YES_AGGRESSIVE;
				CLANG_WARN_UNREACHABLE_CODE = YES;
				CLANG_WARN__DUPLICATE_METHOD_MATCH = YES;
				COPY_PHASE_STRIP = NO;
				DEBUG_INFORMATION_FORMAT = dwarf;
				ENABLE_STRICT_OBJC_MSGSEND = YES;
				ENABLE_TESTABILITY = YES;
				GCC_C_LANGUAGE_STANDARD = gnu11;
				GCC_DYNAMIC_NO_PIC = NO;
				GCC_NO_COMMON_BLOCKS = YES;
				GCC_OPTIMIZATION_LEVEL = 0;
				GCC_PREPROCESSOR_DEFINITIONS = (
					"DEBUG=1",
					"$(inherited)",
				);
				GCC_WARN_64_TO_32_BIT_CONVERSION = YES;
				GCC_WARN_ABOUT_RETURN_TYPE = YES_ERROR;
				GCC_WARN_UNDECLARED_SELECTOR = YES;
				GCC_WARN_UNINITIALIZED_AUTOS = YES_AGGRESSIVE;
				GCC_WARN_UNUSED_FUNCTION = YES;
				GCC_WARN_UNUSED_VARIABLE = YES;
				IPHONEOS_DEPLOYMENT_TARGET = 13.2;
				MTL_ENABLE_DEBUG_INFO = INCLUDE_SOURCE;
				MTL_FAST_MATH = YES;
				ONLY_ACTIVE_ARCH = YES;
				SDKROOT = iphoneos;
				SWIFT_ACTIVE_COMPILATION_CONDITIONS = DEBUG;
				SWIFT_OPTIMIZATION_LEVEL = "-Onone";
			};
			name = Debug;
		};
		97C0FCEB2420C37500210E4C /* Release */ = {
			isa = XCBuildConfiguration;
			buildSettings = {
				ALWAYS_SEARCH_USER_PATHS = NO;
				CLANG_ANALYZER_NONNULL = YES;
				CLANG_ANALYZER_NUMBER_OBJECT_CONVERSION = YES_AGGRESSIVE;
				CLANG_CXX_LANGUAGE_STANDARD = "gnu++14";
				CLANG_CXX_LIBRARY = "libc++";
				CLANG_ENABLE_MODULES = YES;
				CLANG_ENABLE_OBJC_ARC = YES;
				CLANG_ENABLE_OBJC_WEAK = YES;
				CLANG_WARN_BLOCK_CAPTURE_AUTORELEASING = YES;
				CLANG_WARN_BOOL_CONVERSION = YES;
				CLANG_WARN_COMMA = YES;
				CLANG_WARN_CONSTANT_CONVERSION = YES;
				CLANG_WARN_DEPRECATED_OBJC_IMPLEMENTATIONS = YES;
				CLANG_WARN_DIRECT_OBJC_ISA_USAGE = YES_ERROR;
				CLANG_WARN_DOCUMENTATION_COMMENTS = YES;
				CLANG_WARN_EMPTY_BODY = YES;
				CLANG_WARN_ENUM_CONVERSION = YES;
				CLANG_WARN_INFINITE_RECURSION = YES;
				CLANG_WARN_INT_CONVERSION = YES;
				CLANG_WARN_NON_LITERAL_NULL_CONVERSION = YES;
				CLANG_WARN_OBJC_IMPLICIT_RETAIN_SELF = YES;
				CLANG_WARN_OBJC_LITERAL_CONVERSION = YES;
				CLANG_WARN_OBJC_ROOT_CLASS = YES_ERROR;
				CLANG_WARN_RANGE_LOOP_ANALYSIS = YES;
				CLANG_WARN_STRICT_PROTOTYPES = YES;
				CLANG_WARN_SUSPICIOUS_MOVE = YES;
				CLANG_WARN_UNGUARDED_AVAILABILITY = YES_AGGRESSIVE;
				CLANG_WARN_UNREACHABLE_CODE = YES;
				CLANG_WARN__DUPLICATE_METHOD_MATCH = YES;
				COPY_PHASE_STRIP = NO;
				DEBUG_INFORMATION_FORMAT = "dwarf-with-dsym";
				ENABLE_NS_ASSERTIONS = NO;
				ENABLE_STRICT_OBJC_MSGSEND = YES;
				GCC_C_LANGUAGE_STANDARD = gnu11;
				GCC_NO_COMMON_BLOCKS = YES;
				GCC_WARN_64_TO_32_BIT_CONVERSION = YES;
				GCC_WARN_ABOUT_RETURN_TYPE = YES_ERROR;
				GCC_WARN_UNDECLARED_SELECTOR = YES;
				GCC_WARN_UNINITIALIZED_AUTOS = YES_AGGRESSIVE;
				GCC_WARN_UNUSED_FUNCTION = YES;
				GCC_WARN_UNUSED_VARIABLE = YES;
				IPHONEOS_DEPLOYMENT_TARGET = 13.2;
				MTL_ENABLE_DEBUG_INFO = NO;
				MTL_FAST_MATH = YES;
				SDKROOT = iphoneos;
				SWIFT_COMPILATION_MODE = wholemodule;
				SWIFT_OPTIMIZATION_LEVEL = "-O";
				VALIDATE_PRODUCT = YES;
			};
			name = Release;
		};
		97C0FCED2420C37500210E4C /* Debug */ = {
			isa = XCBuildConfiguration;
			buildSettings = {
				ASSETCATALOG_COMPILER_APPICON_NAME = AppIcon;
				CODE_SIGN_STYLE = Automatic;
				DEVELOPMENT_TEAM = WDRH34Y5Z9;
				INFOPLIST_FILE = "ContactList/Supporting Files/Info.plist";
				LD_RUNPATH_SEARCH_PATHS = (
					"$(inherited)",
					"@executable_path/Frameworks",
				);
				PRODUCT_BUNDLE_IDENTIFIER = edu.self.ContactList;
				PRODUCT_NAME = "$(TARGET_NAME)";
				SWIFT_VERSION = 5.0;
				TARGETED_DEVICE_FAMILY = "1,2";
			};
			name = Debug;
		};
		97C0FCEE2420C37500210E4C /* Release */ = {
			isa = XCBuildConfiguration;
			buildSettings = {
				ASSETCATALOG_COMPILER_APPICON_NAME = AppIcon;
				CODE_SIGN_STYLE = Automatic;
				DEVELOPMENT_TEAM = WDRH34Y5Z9;
				INFOPLIST_FILE = "ContactList/Supporting Files/Info.plist";
				LD_RUNPATH_SEARCH_PATHS = (
					"$(inherited)",
					"@executable_path/Frameworks",
				);
				PRODUCT_BUNDLE_IDENTIFIER = edu.self.ContactList;
				PRODUCT_NAME = "$(TARGET_NAME)";
				SWIFT_VERSION = 5.0;
				TARGETED_DEVICE_FAMILY = "1,2";
			};
			name = Release;
		};
/* End XCBuildConfiguration section */

/* Begin XCConfigurationList section */
		97C0FCD32420C37400210E4C /* Build configuration list for PBXProject "ContactList" */ = {
			isa = XCConfigurationList;
			buildConfigurations = (
				97C0FCEA2420C37500210E4C /* Debug */,
				97C0FCEB2420C37500210E4C /* Release */,
			);
			defaultConfigurationIsVisible = 0;
			defaultConfigurationName = Release;
		};
		97C0FCEC2420C37500210E4C /* Build configuration list for PBXNativeTarget "ContactList" */ = {
			isa = XCConfigurationList;
			buildConfigurations = (
				97C0FCED2420C37500210E4C /* Debug */,
				97C0FCEE2420C37500210E4C /* Release */,
			);
			defaultConfigurationIsVisible = 0;
			defaultConfigurationName = Release;
		};
/* End XCConfigurationList section */
	};
	rootObject = 97C0FCD02420C37400210E4C /* Project object */;
}
